
Microsoft Visual Studio Solution File, Format Version 12.00
# Visual Studio Version 16
VisualStudioVersion = 16.0.31205.134
MinimumVisualStudioVersion = 10.0.40219.1
Project("{8BC9CEB8-8B4A-11D0-8D11-00A0C91BC942}") = "Framework", "Framework\Framework.vcxproj", "{AAE3CB6B-997E-4AB4-8B9B-B031996B7D9B}"
EndProject
Project("{8BC9CEB8-8B4A-11D0-8D11-00A0C91BC942}") = "Unittest", "Unittest\Unittest.vcxproj", "{3EC970B9-8CCA-4956-9511-3A02693182B3}"
	ProjectSection(ProjectDependencies) = postProject
		{AAE3CB6B-997E-4AB4-8B9B-B031996B7D9B} = {AAE3CB6B-997E-4AB4-8B9B-B031996B7D9B}
	EndProjectSection
EndProject
Project("{2150E333-8FDC-42A3-9474-1A3956D46DE8}") = "_Shaders", "_Shaders", "{85AB0F16-4660-49A9-84F4-33B86CA26C45}"
	ProjectSection(SolutionItems) = preProject
		..\_Shaders\00_Global.fx = ..\_Shaders\00_Global.fx
		..\_Shaders\00_Global_Old.fx = ..\_Shaders\00_Global_Old.fx
		..\_Shaders\00_Light.fx = ..\_Shaders\00_Light.fx
		..\_Shaders\00_Render.fx = ..\_Shaders\00_Render.fx
		..\_Shaders\01_Vertex.fx = ..\_Shaders\01_Vertex.fx
		..\_Shaders\04_Vertex.fx = ..\_Shaders\04_Vertex.fx
		..\_Shaders\06_Triangle.fx = ..\_Shaders\06_Triangle.fx
		..\_Shaders\07_Rect.fx = ..\_Shaders\07_Rect.fx
		..\_Shaders\09_World.fx = ..\_Shaders\09_World.fx
		..\_Shaders\10_World.fx = ..\_Shaders\10_World.fx
		..\_Shaders\15_Cube.fx = ..\_Shaders\15_Cube.fx
		..\_Shaders\16_Texture.fx = ..\_Shaders\16_Texture.fx
		..\_Shaders\18_TextureSampler.fx = ..\_Shaders\18_TextureSampler.fx
		..\_Shaders\19_Terrain.fx = ..\_Shaders\19_Terrain.fx
		..\_Shaders\20_DebugLine.fx = ..\_Shaders\20_DebugLine.fx
		..\_Shaders\25_Mesh.fx = ..\_Shaders\25_Mesh.fx
		..\_Shaders\25_Mesh_Old.fx = ..\_Shaders\25_Mesh_Old.fx
		..\_Shaders\29_CubeMap.fx = ..\_Shaders\29_CubeMap.fx
		..\_Shaders\29_CubeMap_Old.fx = ..\_Shaders\29_CubeMap_Old.fx
		..\_Shaders\29_CubeSky.fx = ..\_Shaders\29_CubeSky.fx
		..\_Shaders\29_CubeSky_Old.fx = ..\_Shaders\29_CubeSky_Old.fx
		..\_Shaders\38_Model_Old.fx = ..\_Shaders\38_Model_Old.fx
		..\_Shaders\45_Animation.fx = ..\_Shaders\45_Animation.fx
		..\_Shaders\48_AnimationTweening.fx = ..\_Shaders\48_AnimationTweening.fx
		..\_Shaders\49_AnimationBlending.fx = ..\_Shaders\49_AnimationBlending.fx
		..\_Shaders\50_Instancing.fx = ..\_Shaders\50_Instancing.fx
		..\_Shaders\51_InstancingMesh.fx = ..\_Shaders\51_InstancingMesh.fx
		..\_Shaders\52_InstancingModel.fx = ..\_Shaders\52_InstancingModel.fx
		..\_Shaders\53_InstancingAnimation.fx = ..\_Shaders\53_InstancingAnimation.fx
		..\_Shaders\53_InstancingAnimation.fxo = ..\_Shaders\53_InstancingAnimation.fxo
		..\_Shaders\55_Render.fx = ..\_Shaders\55_Render.fx
		..\_Shaders\55_Render.fxo = ..\_Shaders\55_Render.fxo
		..\_Shaders\60_RawBuffer.fx = ..\_Shaders\60_RawBuffer.fx
		..\_Shaders\60_RawBuffer.fxo = ..\_Shaders\60_RawBuffer.fxo
		..\_Shaders\62_Render2D.fx = ..\_Shaders\62_Render2D.fx
		..\_Shaders\62_Render2D.fxo = ..\_Shaders\62_Render2D.fxo
		..\_Shaders\62_TextureBuffer.fx = ..\_Shaders\62_TextureBuffer.fx
		..\_Shaders\62_TextureBuffer.fxo = ..\_Shaders\62_TextureBuffer.fxo
		..\_Shaders\63_GetAnimationBone.fx = ..\_Shaders\63_GetAnimationBone.fx
		..\_Shaders\63_GetAnimationBone.fxo = ..\_Shaders\63_GetAnimationBone.fxo
		..\_Shaders\71_GetMultiBones.fx = ..\_Shaders\71_GetMultiBones.fx
		..\_Shaders\71_GetMultiBones.fxo = ..\_Shaders\71_GetMultiBones.fxo
		..\_Shaders\75_Lighting.fx = ..\_Shaders\75_Lighting.fx
		..\_Shaders\75_Lighting.fxo = ..\_Shaders\75_Lighting.fxo
		..\_Shaders\78_PointLighting.fx = ..\_Shaders\78_PointLighting.fx
		..\_Shaders\78_PointLighting.fxo = ..\_Shaders\78_PointLighting.fxo
		..\_Shaders\80_SpotLighting.fx = ..\_Shaders\80_SpotLighting.fx
		..\_Shaders\82_NormalMapping.fx = ..\_Shaders\82_NormalMapping.fx
		..\_Shaders\83_Billboard.fx = ..\_Shaders\83_Billboard.fx
		..\_Shaders\85_Rain.fx = ..\_Shaders\85_Rain.fx
		..\_Shaders\85_Snow.fx = ..\_Shaders\85_Snow.fx
		..\_Shaders\89_Particle.fx = ..\_Shaders\89_Particle.fx
		..\_Shaders\ShaderCompiler.exe = ..\_Shaders\ShaderCompiler.exe
	EndProjectSection
EndProject
Project("{8BC9CEB8-8B4A-11D0-8D11-00A0C91BC942}") = "ModelEditor", "ModelEditor\ModelEditor.vcxproj", "{94F9A1BF-0789-467C-9076-5D2E260D8DC6}"
	ProjectSection(ProjectDependencies) = postProject
		{AAE3CB6B-997E-4AB4-8B9B-B031996B7D9B} = {AAE3CB6B-997E-4AB4-8B9B-B031996B7D9B}
	EndProjectSection
EndProject
Project("{8BC9CEB8-8B4A-11D0-8D11-00A0C91BC942}") = "ParticleEditor", "ParticleEditor\ParticleEditor.vcxproj", "{54E040F1-7678-4380-A160-6CED5D90C5DC}"
	ProjectSection(ProjectDependencies) = postProject
		{AAE3CB6B-997E-4AB4-8B9B-B031996B7D9B} = {AAE3CB6B-997E-4AB4-8B9B-B031996B7D9B}
	EndProjectSection
EndProject
Global
	GlobalSection(SolutionConfigurationPlatforms) = preSolution
		Debug|x86 = Debug|x86
		Release|x86 = Release|x86
	EndGlobalSection
	GlobalSection(ProjectConfigurationPlatforms) = postSolution
		{AAE3CB6B-997E-4AB4-8B9B-B031996B7D9B}.Debug|x86.ActiveCfg = Debug|Win32
		{AAE3CB6B-997E-4AB4-8B9B-B031996B7D9B}.Debug|x86.Build.0 = Debug|Win32
		{AAE3CB6B-997E-4AB4-8B9B-B031996B7D9B}.Release|x86.ActiveCfg = Release|Win32
		{AAE3CB6B-997E-4AB4-8B9B-B031996B7D9B}.Release|x86.Build.0 = Release|Win32
		{3EC970B9-8CCA-4956-9511-3A02693182B3}.Debug|x86.ActiveCfg = Debug|Win32
		{3EC970B9-8CCA-4956-9511-3A02693182B3}.Debug|x86.Build.0 = Debug|Win32
		{3EC970B9-8CCA-4956-9511-3A02693182B3}.Release|x86.ActiveCfg = Release|Win32
		{3EC970B9-8CCA-4956-9511-3A02693182B3}.Release|x86.Build.0 = Release|Win32
		{94F9A1BF-0789-467C-9076-5D2E260D8DC6}.Debug|x86.ActiveCfg = Debug|Win32
		{94F9A1BF-0789-467C-9076-5D2E260D8DC6}.Debug|x86.Build.0 = Debug|Win32
		{94F9A1BF-0789-467C-9076-5D2E260D8DC6}.Release|x86.ActiveCfg = Release|Win32
		{94F9A1BF-0789-467C-9076-5D2E260D8DC6}.Release|x86.Build.0 = Release|Win32
		{54E040F1-7678-4380-A160-6CED5D90C5DC}.Debug|x86.ActiveCfg = Debug|Win32
		{54E040F1-7678-4380-A160-6CED5D90C5DC}.Debug|x86.Build.0 = Debug|Win32
		{54E040F1-7678-4380-A160-6CED5D90C5DC}.Release|x86.ActiveCfg = Release|Win32
		{54E040F1-7678-4380-A160-6CED5D90C5DC}.Release|x86.Build.0 = Release|Win32
	EndGlobalSection
	GlobalSection(SolutionProperties) = preSolution
		HideSolutionNode = FALSE
	EndGlobalSection
	GlobalSection(ExtensibilityGlobals) = postSolution
		SolutionGuid = {BC341C83-A5E2-419A-96D4-DE13E6159080}
	EndGlobalSection
EndGlobal
